
Microsoft Visual Studio Solution File, Format Version 12.00
# Visual Studio 15
VisualStudioVersion = 15.0.27130.2010
MinimumVisualStudioVersion = 10.0.40219.1
Project("{2150E333-8FDC-42A3-9474-1A3956D46DE8}") = "Solution Items", "Solution Items", "{1E3D9321-DFC4-4A87-B53E-D796F83A3743}"
	ProjectSection(SolutionItems) = preProject
		.gitattributes = .gitattributes
		.gitignore = .gitignore
		CMakeLists.txt = CMakeLists.txt
		common-c++.props = common-c++.props
		common-debug.props = common-debug.props
		common-release.props = common-release.props
		LICENSE = LICENSE
		README.md = README.md
	EndProjectSection
EndProject
Project("{8BC9CEB8-8B4A-11D0-8D11-00A0C91BC942}") = "cpuid", "cpuid\cpuid.vcxproj", "{CBE22B40-F50D-4CF0-BF3F-74096F04A3FC}"
	ProjectSection(ProjectDependencies) = postProject
		{8DBC8811-9A0E-4CAF-B790-6ED28FFFEB3E} = {8DBC8811-9A0E-4CAF-B790-6ED28FFFEB3E}
		{21E817B6-C211-40ED-8197-D6760A7B3C2E} = {21E817B6-C211-40ED-8197-D6760A7B3C2E}
	EndProjectSection
EndProject
Project("{8BC9CEB8-8B4A-11D0-8D11-00A0C91BC942}") = "libcpuid", "libcpuid\libcpuid.vcxproj", "{21E817B6-C211-40ED-8197-D6760A7B3C2E}"
EndProject
Project("{8BC9CEB8-8B4A-11D0-8D11-00A0C91BC942}") = "tests-msvc", "tests-msvc\tests-msvc.vcxproj", "{EC740520-D7D3-4523-98CB-9D08AC41E6E5}"
	ProjectSection(ProjectDependencies) = postProject
		{8DBC8811-9A0E-4CAF-B790-6ED28FFFEB3E} = {8DBC8811-9A0E-4CAF-B790-6ED28FFFEB3E}
	EndProjectSection
EndProject
Project("{8BC9CEB8-8B4A-11D0-8D11-00A0C91BC942}") = "docopt", "docopt\docopt.vcxproj", "{8DBC8811-9A0E-4CAF-B790-6ED28FFFEB3E}"
EndProject
Project("{8BC9CEB8-8B4A-11D0-8D11-00A0C91BC942}") = "docopt-tests", "docopt\tests\docopt-tests.vcxproj", "{11D6E36F-6A05-4C75-852E-C49C422A89DC}"
EndProject
Global
	GlobalSection(SolutionConfigurationPlatforms) = preSolution
		Debug|x64 = Debug|x64
		Debug|x86 = Debug|x86
		Release|x64 = Release|x64
		Release|x86 = Release|x86
	EndGlobalSection
	GlobalSection(ProjectConfigurationPlatforms) = postSolution
		{CBE22B40-F50D-4CF0-BF3F-74096F04A3FC}.Debug|x64.ActiveCfg = Debug|x64
		{CBE22B40-F50D-4CF0-BF3F-74096F04A3FC}.Debug|x64.Build.0 = Debug|x64
		{CBE22B40-F50D-4CF0-BF3F-74096F04A3FC}.Debug|x86.ActiveCfg = Debug|x64
		{CBE22B40-F50D-4CF0-BF3F-74096F04A3FC}.Release|x64.ActiveCfg = Release|x64
		{CBE22B40-F50D-4CF0-BF3F-74096F04A3FC}.Release|x64.Build.0 = Release|x64
		{CBE22B40-F50D-4CF0-BF3F-74096F04A3FC}.Release|x86.ActiveCfg = Release|x64
		{21E817B6-C211-40ED-8197-D6760A7B3C2E}.Debug|x64.ActiveCfg = Debug|x64
		{21E817B6-C211-40ED-8197-D6760A7B3C2E}.Debug|x64.Build.0 = Debug|x64
		{21E817B6-C211-40ED-8197-D6760A7B3C2E}.Debug|x86.ActiveCfg = Debug|x64
		{21E817B6-C211-40ED-8197-D6760A7B3C2E}.Release|x64.ActiveCfg = Release|x64
		{21E817B6-C211-40ED-8197-D6760A7B3C2E}.Release|x64.Build.0 = Release|x64
		{21E817B6-C211-40ED-8197-D6760A7B3C2E}.Release|x86.ActiveCfg = Release|x64
		{EC740520-D7D3-4523-98CB-9D08AC41E6E5}.Debug|x64.ActiveCfg = Debug|x64
		{EC740520-D7D3-4523-98CB-9D08AC41E6E5}.Debug|x64.Build.0 = Debug|x64
		{EC740520-D7D3-4523-98CB-9D08AC41E6E5}.Debug|x86.ActiveCfg = Debug|x64
		{EC740520-D7D3-4523-98CB-9D08AC41E6E5}.Release|x64.ActiveCfg = Release|x64
		{EC740520-D7D3-4523-98CB-9D08AC41E6E5}.Release|x64.Build.0 = Release|x64
		{EC740520-D7D3-4523-98CB-9D08AC41E6E5}.Release|x86.ActiveCfg = Release|x64
		{8DBC8811-9A0E-4CAF-B790-6ED28FFFEB3E}.Debug|x64.ActiveCfg = Debug|x64
		{8DBC8811-9A0E-4CAF-B790-6ED28FFFEB3E}.Debug|x64.Build.0 = Debug|x64
		{8DBC8811-9A0E-4CAF-B790-6ED28FFFEB3E}.Debug|x86.ActiveCfg = Debug|x64
		{8DBC8811-9A0E-4CAF-B790-6ED28FFFEB3E}.Release|x64.ActiveCfg = Release|x64
		{8DBC8811-9A0E-4CAF-B790-6ED28FFFEB3E}.Release|x64.Build.0 = Release|x64
		{8DBC8811-9A0E-4CAF-B790-6ED28FFFEB3E}.Release|x86.ActiveCfg = Release|x64
		{11D6E36F-6A05-4C75-852E-C49C422A89DC}.Debug|x64.ActiveCfg = Debug|x64
		{11D6E36F-6A05-4C75-852E-C49C422A89DC}.Debug|x64.Build.0 = Debug|x64
		{11D6E36F-6A05-4C75-852E-C49C422A89DC}.Debug|x86.ActiveCfg = Debug|x64
		{11D6E36F-6A05-4C75-852E-C49C422A89DC}.Release|x64.ActiveCfg = Release|x64
		{11D6E36F-6A05-4C75-852E-C49C422A89DC}.Release|x64.Build.0 = Release|x64
		{11D6E36F-6A05-4C75-852E-C49C422A89DC}.Release|x86.ActiveCfg = Release|x64
	EndGlobalSection
	GlobalSection(SolutionProperties) = preSolution
		HideSolutionNode = FALSE
	EndGlobalSection
	GlobalSection(ExtensibilityGlobals) = postSolution
		SolutionGuid = {C2B3CA64-F75F-446E-A492-A4FA25EC0D3F}
	EndGlobalSection
EndGlobal
